
Microsoft Visual Studio Solution File, Format Version 12.00
# Visual Studio Version 17
VisualStudioVersion = 17.11.35312.102
MinimumVisualStudioVersion = 10.0.40219.1
Project("{9A19103F-16F7-4668-BE54-9A1E7A4F7556}") = "WpfApp1", "WpfApp1\WpfApp1.csproj", "{46B1E0F3-DCFB-4B59-B3FC-8C7FF1E1C3AA}"
EndProject
Project("{9A19103F-16F7-4668-BE54-9A1E7A4F7556}") = "WpfApp2", "WpfApp2\WpfApp2.csproj", "{7B58442C-4107-4C06-B4A3-011443D4D65E}"
EndProject
Project("{9A19103F-16F7-4668-BE54-9A1E7A4F7556}") = "WpfApp3", "WpfApp3\WpfApp3.csproj", "{0BADFB8E-9D36-4D90-B7D7-80A4E3B96F96}"
EndProject
Project("{9A19103F-16F7-4668-BE54-9A1E7A4F7556}") = "WpfApp4", "WpfApp4\WpfApp4.csproj", "{AE65C314-967B-4359-9982-C618F793DAE0}"
EndProject
Project("{9A19103F-16F7-4668-BE54-9A1E7A4F7556}") = "WpfApp5", "WpfApp5\WpfApp5.csproj", "{26A99FB1-1506-4AA1-B663-BD52FA048276}"
EndProject
Project("{9A19103F-16F7-4668-BE54-9A1E7A4F7556}") = "WpfApp6", "WpfApp6\WpfApp6.csproj", "{7E29BBF7-B27D-4C4D-8DD7-9846C1001244}"
EndProject
Project("{9A19103F-16F7-4668-BE54-9A1E7A4F7556}") = "WpfApp7", "WpfApp7\WpfApp7.csproj", "{BC038ECD-4413-4195-ADD2-F786BD295527}"
EndProject
Project("{9A19103F-16F7-4668-BE54-9A1E7A4F7556}") = "WpfApp8", "WpfApp8\WpfApp8.csproj", "{080AA0F3-D8A2-47BF-B964-D88929B7A49D}"
EndProject
Project("{9A19103F-16F7-4668-BE54-9A1E7A4F7556}") = "WpfApp9", "WpfApp9\WpfApp9.csproj", "{E39D9B2F-6C2F-4CDF-A61E-5F1FBDBF7015}"
EndProject
Project("{9A19103F-16F7-4668-BE54-9A1E7A4F7556}") = "WpfApp10", "WpfApp10\WpfApp10.csproj", "{5AAB763E-2F97-4DA6-8C74-FEC41545CE91}"
EndProject
Project("{9A19103F-16F7-4668-BE54-9A1E7A4F7556}") = "WpfApp11", "WpfApp11\WpfApp11.csproj", "{8A6A135B-78BE-4F4F-A2C6-826C5E5AB91B}"
EndProject
Project("{9A19103F-16F7-4668-BE54-9A1E7A4F7556}") = "WpfApp12", "WpfApp12\WpfApp12.csproj", "{4526F855-BE84-42A2-8BA8-89BDDF7F3294}"
EndProject
Project("{9A19103F-16F7-4668-BE54-9A1E7A4F7556}") = "WpfApp13", "WpfApp13\WpfApp13.csproj", "{21D4A815-1399-4FA6-AEB7-D77561F3392B}"
EndProject
Project("{9A19103F-16F7-4668-BE54-9A1E7A4F7556}") = "WpfApp14", "WpfApp14\WpfApp14.csproj", "{97EFF7FF-3BB9-4933-8E05-00BC89F69F16}"
EndProject
Project("{9A19103F-16F7-4668-BE54-9A1E7A4F7556}") = "WpfApp15", "WpfApp15\WpfApp15.csproj", "{9CC64585-074D-46E4-A03A-66B857B0D336}"
EndProject
Project("{9A19103F-16F7-4668-BE54-9A1E7A4F7556}") = "WpfApp16", "WpfApp16\WpfApp16.csproj", "{14F5735E-A87F-4C5E-B61C-770209E29AA5}"
EndProject
Project("{9A19103F-16F7-4668-BE54-9A1E7A4F7556}") = "WpfApp17", "WpfApp17\WpfApp17.csproj", "{A2FC0341-3FF4-4D9D-A842-BC155422464C}"
EndProject
Project("{9A19103F-16F7-4668-BE54-9A1E7A4F7556}") = "WpfApp18", "WpfApp18\WpfApp18.csproj", "{32BC95C9-BE12-4CDB-AC97-E2BAC67A503C}"
EndProject
Project("{9A19103F-16F7-4668-BE54-9A1E7A4F7556}") = "DataGrid", "DataGrid\DataGrid.csproj", "{BB19E061-9C7C-4B39-9E8E-39C032653A1B}"
EndProject
Project("{9A19103F-16F7-4668-BE54-9A1E7A4F7556}") = "Ventanas", "Ventanas\Ventanas.csproj", "{7697DB40-B14D-4C96-AACF-C6B6444C5A4A}"
EndProject
Project("{9A19103F-16F7-4668-BE54-9A1E7A4F7556}") = "TabControl1", "TabControl1\TabControl1.csproj", "{4336B32E-0C19-4583-85FB-E91F02FC1E6F}"
EndProject
Project("{9A19103F-16F7-4668-BE54-9A1E7A4F7556}") = "Personajes", "Personajes\Personajes.csproj", "{D873674E-1825-4353-AB48-D756B7E37B3C}"
EndProject
Project("{9A19103F-16F7-4668-BE54-9A1E7A4F7556}") = "MiniHito1", "MiniHito1\MiniHito1.csproj", "{40D60CD3-FCDE-46B7-94E8-F2C356936C8F}"
EndProject
Project("{9A19103F-16F7-4668-BE54-9A1E7A4F7556}") = "Personajes1", "Personajes1\Personajes1.csproj", "{29C80A7F-E455-4A78-B8DA-3625ECAA154B}"
EndProject
Project("{9A19103F-16F7-4668-BE54-9A1E7A4F7556}") = "EjRepaso", "EjRepaso\EjRepaso.csproj", "{AB850AA2-F0FA-48C5-A739-733A65A832A9}"
EndProject
Project("{9A19103F-16F7-4668-BE54-9A1E7A4F7556}") = "EntityFramework", "EntityFramework\EntityFramework.csproj", "{689C0701-B70F-45DD-AE82-EF25DD041E0E}"
EndProject
Project("{9A19103F-16F7-4668-BE54-9A1E7A4F7556}") = "ViewModell", "ViewModell\ViewModell.csproj", "{1733182B-80CA-4706-8E74-E8C1D4DF42D6}"
EndProject
Project("{9A19103F-16F7-4668-BE54-9A1E7A4F7556}") = "AppAdivinarNumero", "AppAdivinarNumero\AppAdivinarNumero.csproj", "{370500EE-BDA1-4E4E-874A-DE450F8702D3}"
EndProject
Project("{FAE04EC0-301F-11D3-BF4B-00C04F79EFBC}") = "Estilos", "Estilos\Estilos.csproj", "{EC31FF79-87CA-4CC6-9157-0CF81F1D72E3}"
EndProject
Global
	GlobalSection(SolutionConfigurationPlatforms) = preSolution
		Debug|Any CPU = Debug|Any CPU
		Release|Any CPU = Release|Any CPU
	EndGlobalSection
	GlobalSection(ProjectConfigurationPlatforms) = postSolution
		{46B1E0F3-DCFB-4B59-B3FC-8C7FF1E1C3AA}.Debug|Any CPU.ActiveCfg = Debug|Any CPU
		{46B1E0F3-DCFB-4B59-B3FC-8C7FF1E1C3AA}.Debug|Any CPU.Build.0 = Debug|Any CPU
		{46B1E0F3-DCFB-4B59-B3FC-8C7FF1E1C3AA}.Release|Any CPU.ActiveCfg = Release|Any CPU
		{46B1E0F3-DCFB-4B59-B3FC-8C7FF1E1C3AA}.Release|Any CPU.Build.0 = Release|Any CPU
		{7B58442C-4107-4C06-B4A3-011443D4D65E}.Debug|Any CPU.ActiveCfg = Debug|Any CPU
		{7B58442C-4107-4C06-B4A3-011443D4D65E}.Debug|Any CPU.Build.0 = Debug|Any CPU
		{7B58442C-4107-4C06-B4A3-011443D4D65E}.Release|Any CPU.ActiveCfg = Release|Any CPU
		{7B58442C-4107-4C06-B4A3-011443D4D65E}.Release|Any CPU.Build.0 = Release|Any CPU
		{0BADFB8E-9D36-4D90-B7D7-80A4E3B96F96}.Debug|Any CPU.ActiveCfg = Debug|Any CPU
		{0BADFB8E-9D36-4D90-B7D7-80A4E3B96F96}.Debug|Any CPU.Build.0 = Debug|Any CPU
		{0BADFB8E-9D36-4D90-B7D7-80A4E3B96F96}.Release|Any CPU.ActiveCfg = Release|Any CPU
		{0BADFB8E-9D36-4D90-B7D7-80A4E3B96F96}.Release|Any CPU.Build.0 = Release|Any CPU
		{AE65C314-967B-4359-9982-C618F793DAE0}.Debug|Any CPU.ActiveCfg = Debug|Any CPU
		{AE65C314-967B-4359-9982-C618F793DAE0}.Debug|Any CPU.Build.0 = Debug|Any CPU
		{AE65C314-967B-4359-9982-C618F793DAE0}.Release|Any CPU.ActiveCfg = Release|Any CPU
		{AE65C314-967B-4359-9982-C618F793DAE0}.Release|Any CPU.Build.0 = Release|Any CPU
		{26A99FB1-1506-4AA1-B663-BD52FA048276}.Debug|Any CPU.ActiveCfg = Debug|Any CPU
		{26A99FB1-1506-4AA1-B663-BD52FA048276}.Debug|Any CPU.Build.0 = Debug|Any CPU
		{26A99FB1-1506-4AA1-B663-BD52FA048276}.Release|Any CPU.ActiveCfg = Release|Any CPU
		{26A99FB1-1506-4AA1-B663-BD52FA048276}.Release|Any CPU.Build.0 = Release|Any CPU
		{7E29BBF7-B27D-4C4D-8DD7-9846C1001244}.Debug|Any CPU.ActiveCfg = Debug|Any CPU
		{7E29BBF7-B27D-4C4D-8DD7-9846C1001244}.Debug|Any CPU.Build.0 = Debug|Any CPU
		{7E29BBF7-B27D-4C4D-8DD7-9846C1001244}.Release|Any CPU.ActiveCfg = Release|Any CPU
		{7E29BBF7-B27D-4C4D-8DD7-9846C1001244}.Release|Any CPU.Build.0 = Release|Any CPU
		{BC038ECD-4413-4195-ADD2-F786BD295527}.Debug|Any CPU.ActiveCfg = Debug|Any CPU
		{BC038ECD-4413-4195-ADD2-F786BD295527}.Debug|Any CPU.Build.0 = Debug|Any CPU
		{BC038ECD-4413-4195-ADD2-F786BD295527}.Release|Any CPU.ActiveCfg = Release|Any CPU
		{BC038ECD-4413-4195-ADD2-F786BD295527}.Release|Any CPU.Build.0 = Release|Any CPU
		{080AA0F3-D8A2-47BF-B964-D88929B7A49D}.Debug|Any CPU.ActiveCfg = Debug|Any CPU
		{080AA0F3-D8A2-47BF-B964-D88929B7A49D}.Debug|Any CPU.Build.0 = Debug|Any CPU
		{080AA0F3-D8A2-47BF-B964-D88929B7A49D}.Release|Any CPU.ActiveCfg = Release|Any CPU
		{080AA0F3-D8A2-47BF-B964-D88929B7A49D}.Release|Any CPU.Build.0 = Release|Any CPU
		{E39D9B2F-6C2F-4CDF-A61E-5F1FBDBF7015}.Debug|Any CPU.ActiveCfg = Debug|Any CPU
		{E39D9B2F-6C2F-4CDF-A61E-5F1FBDBF7015}.Debug|Any CPU.Build.0 = Debug|Any CPU
		{E39D9B2F-6C2F-4CDF-A61E-5F1FBDBF7015}.Release|Any CPU.ActiveCfg = Release|Any CPU
		{E39D9B2F-6C2F-4CDF-A61E-5F1FBDBF7015}.Release|Any CPU.Build.0 = Release|Any CPU
		{5AAB763E-2F97-4DA6-8C74-FEC41545CE91}.Debug|Any CPU.ActiveCfg = Debug|Any CPU
		{5AAB763E-2F97-4DA6-8C74-FEC41545CE91}.Debug|Any CPU.Build.0 = Debug|Any CPU
		{5AAB763E-2F97-4DA6-8C74-FEC41545CE91}.Release|Any CPU.ActiveCfg = Release|Any CPU
		{5AAB763E-2F97-4DA6-8C74-FEC41545CE91}.Release|Any CPU.Build.0 = Release|Any CPU
		{8A6A135B-78BE-4F4F-A2C6-826C5E5AB91B}.Debug|Any CPU.ActiveCfg = Debug|Any CPU
		{8A6A135B-78BE-4F4F-A2C6-826C5E5AB91B}.Debug|Any CPU.Build.0 = Debug|Any CPU
		{8A6A135B-78BE-4F4F-A2C6-826C5E5AB91B}.Release|Any CPU.ActiveCfg = Release|Any CPU
		{8A6A135B-78BE-4F4F-A2C6-826C5E5AB91B}.Release|Any CPU.Build.0 = Release|Any CPU
		{4526F855-BE84-42A2-8BA8-89BDDF7F3294}.Debug|Any CPU.ActiveCfg = Debug|Any CPU
		{4526F855-BE84-42A2-8BA8-89BDDF7F3294}.Debug|Any CPU.Build.0 = Debug|Any CPU
		{4526F855-BE84-42A2-8BA8-89BDDF7F3294}.Release|Any CPU.ActiveCfg = Release|Any CPU
		{4526F855-BE84-42A2-8BA8-89BDDF7F3294}.Release|Any CPU.Build.0 = Release|Any CPU
		{21D4A815-1399-4FA6-AEB7-D77561F3392B}.Debug|Any CPU.ActiveCfg = Debug|Any CPU
		{21D4A815-1399-4FA6-AEB7-D77561F3392B}.Debug|Any CPU.Build.0 = Debug|Any CPU
		{21D4A815-1399-4FA6-AEB7-D77561F3392B}.Release|Any CPU.ActiveCfg = Release|Any CPU
		{21D4A815-1399-4FA6-AEB7-D77561F3392B}.Release|Any CPU.Build.0 = Release|Any CPU
		{97EFF7FF-3BB9-4933-8E05-00BC89F69F16}.Debug|Any CPU.ActiveCfg = Debug|Any CPU
		{97EFF7FF-3BB9-4933-8E05-00BC89F69F16}.Debug|Any CPU.Build.0 = Debug|Any CPU
		{97EFF7FF-3BB9-4933-8E05-00BC89F69F16}.Release|Any CPU.ActiveCfg = Release|Any CPU
		{97EFF7FF-3BB9-4933-8E05-00BC89F69F16}.Release|Any CPU.Build.0 = Release|Any CPU
		{9CC64585-074D-46E4-A03A-66B857B0D336}.Debug|Any CPU.ActiveCfg = Debug|Any CPU
		{9CC64585-074D-46E4-A03A-66B857B0D336}.Debug|Any CPU.Build.0 = Debug|Any CPU
		{9CC64585-074D-46E4-A03A-66B857B0D336}.Release|Any CPU.ActiveCfg = Release|Any CPU
		{9CC64585-074D-46E4-A03A-66B857B0D336}.Release|Any CPU.Build.0 = Release|Any CPU
		{14F5735E-A87F-4C5E-B61C-770209E29AA5}.Debug|Any CPU.ActiveCfg = Debug|Any CPU
		{14F5735E-A87F-4C5E-B61C-770209E29AA5}.Debug|Any CPU.Build.0 = Debug|Any CPU
		{14F5735E-A87F-4C5E-B61C-770209E29AA5}.Release|Any CPU.ActiveCfg = Release|Any CPU
		{14F5735E-A87F-4C5E-B61C-770209E29AA5}.Release|Any CPU.Build.0 = Release|Any CPU
		{A2FC0341-3FF4-4D9D-A842-BC155422464C}.Debug|Any CPU.ActiveCfg = Debug|Any CPU
		{A2FC0341-3FF4-4D9D-A842-BC155422464C}.Debug|Any CPU.Build.0 = Debug|Any CPU
		{A2FC0341-3FF4-4D9D-A842-BC155422464C}.Release|Any CPU.ActiveCfg = Release|Any CPU
		{A2FC0341-3FF4-4D9D-A842-BC155422464C}.Release|Any CPU.Build.0 = Release|Any CPU
		{32BC95C9-BE12-4CDB-AC97-E2BAC67A503C}.Debug|Any CPU.ActiveCfg = Debug|Any CPU
		{32BC95C9-BE12-4CDB-AC97-E2BAC67A503C}.Debug|Any CPU.Build.0 = Debug|Any CPU
		{32BC95C9-BE12-4CDB-AC97-E2BAC67A503C}.Release|Any CPU.ActiveCfg = Release|Any CPU
		{32BC95C9-BE12-4CDB-AC97-E2BAC67A503C}.Release|Any CPU.Build.0 = Release|Any CPU
		{BB19E061-9C7C-4B39-9E8E-39C032653A1B}.Debug|Any CPU.ActiveCfg = Debug|Any CPU
		{BB19E061-9C7C-4B39-9E8E-39C032653A1B}.Debug|Any CPU.Build.0 = Debug|Any CPU
		{BB19E061-9C7C-4B39-9E8E-39C032653A1B}.Release|Any CPU.ActiveCfg = Release|Any CPU
		{BB19E061-9C7C-4B39-9E8E-39C032653A1B}.Release|Any CPU.Build.0 = Release|Any CPU
		{7697DB40-B14D-4C96-AACF-C6B6444C5A4A}.Debug|Any CPU.ActiveCfg = Debug|Any CPU
		{7697DB40-B14D-4C96-AACF-C6B6444C5A4A}.Debug|Any CPU.Build.0 = Debug|Any CPU
		{7697DB40-B14D-4C96-AACF-C6B6444C5A4A}.Release|Any CPU.ActiveCfg = Release|Any CPU
		{7697DB40-B14D-4C96-AACF-C6B6444C5A4A}.Release|Any CPU.Build.0 = Release|Any CPU
		{4336B32E-0C19-4583-85FB-E91F02FC1E6F}.Debug|Any CPU.ActiveCfg = Debug|Any CPU
		{4336B32E-0C19-4583-85FB-E91F02FC1E6F}.Debug|Any CPU.Build.0 = Debug|Any CPU
		{4336B32E-0C19-4583-85FB-E91F02FC1E6F}.Release|Any CPU.ActiveCfg = Release|Any CPU
		{4336B32E-0C19-4583-85FB-E91F02FC1E6F}.Release|Any CPU.Build.0 = Release|Any CPU
		{D873674E-1825-4353-AB48-D756B7E37B3C}.Debug|Any CPU.ActiveCfg = Debug|Any CPU
		{D873674E-1825-4353-AB48-D756B7E37B3C}.Debug|Any CPU.Build.0 = Debug|Any CPU
		{D873674E-1825-4353-AB48-D756B7E37B3C}.Release|Any CPU.ActiveCfg = Release|Any CPU
		{D873674E-1825-4353-AB48-D756B7E37B3C}.Release|Any CPU.Build.0 = Release|Any CPU
		{40D60CD3-FCDE-46B7-94E8-F2C356936C8F}.Debug|Any CPU.ActiveCfg = Debug|Any CPU
		{40D60CD3-FCDE-46B7-94E8-F2C356936C8F}.Debug|Any CPU.Build.0 = Debug|Any CPU
		{40D60CD3-FCDE-46B7-94E8-F2C356936C8F}.Release|Any CPU.ActiveCfg = Release|Any CPU
		{40D60CD3-FCDE-46B7-94E8-F2C356936C8F}.Release|Any CPU.Build.0 = Release|Any CPU
		{29C80A7F-E455-4A78-B8DA-3625ECAA154B}.Debug|Any CPU.ActiveCfg = Debug|Any CPU
		{29C80A7F-E455-4A78-B8DA-3625ECAA154B}.Debug|Any CPU.Build.0 = Debug|Any CPU
		{29C80A7F-E455-4A78-B8DA-3625ECAA154B}.Release|Any CPU.ActiveCfg = Release|Any CPU
		{29C80A7F-E455-4A78-B8DA-3625ECAA154B}.Release|Any CPU.Build.0 = Release|Any CPU
		{AB850AA2-F0FA-48C5-A739-733A65A832A9}.Debug|Any CPU.ActiveCfg = Debug|Any CPU
		{AB850AA2-F0FA-48C5-A739-733A65A832A9}.Debug|Any CPU.Build.0 = Debug|Any CPU
		{AB850AA2-F0FA-48C5-A739-733A65A832A9}.Release|Any CPU.ActiveCfg = Release|Any CPU
		{AB850AA2-F0FA-48C5-A739-733A65A832A9}.Release|Any CPU.Build.0 = Release|Any CPU
		{689C0701-B70F-45DD-AE82-EF25DD041E0E}.Debug|Any CPU.ActiveCfg = Debug|Any CPU
		{689C0701-B70F-45DD-AE82-EF25DD041E0E}.Debug|Any CPU.Build.0 = Debug|Any CPU
		{689C0701-B70F-45DD-AE82-EF25DD041E0E}.Release|Any CPU.ActiveCfg = Release|Any CPU
		{689C0701-B70F-45DD-AE82-EF25DD041E0E}.Release|Any CPU.Build.0 = Release|Any CPU
		{1733182B-80CA-4706-8E74-E8C1D4DF42D6}.Debug|Any CPU.ActiveCfg = Debug|Any CPU
		{1733182B-80CA-4706-8E74-E8C1D4DF42D6}.Debug|Any CPU.Build.0 = Debug|Any CPU
		{1733182B-80CA-4706-8E74-E8C1D4DF42D6}.Release|Any CPU.ActiveCfg = Release|Any CPU
		{1733182B-80CA-4706-8E74-E8C1D4DF42D6}.Release|Any CPU.Build.0 = Release|Any CPU
		{370500EE-BDA1-4E4E-874A-DE450F8702D3}.Debug|Any CPU.ActiveCfg = Debug|Any CPU
		{370500EE-BDA1-4E4E-874A-DE450F8702D3}.Debug|Any CPU.Build.0 = Debug|Any CPU
		{370500EE-BDA1-4E4E-874A-DE450F8702D3}.Release|Any CPU.ActiveCfg = Release|Any CPU
		{370500EE-BDA1-4E4E-874A-DE450F8702D3}.Release|Any CPU.Build.0 = Release|Any CPU
		{EC31FF79-87CA-4CC6-9157-0CF81F1D72E3}.Debug|Any CPU.ActiveCfg = Debug|Any CPU
		{EC31FF79-87CA-4CC6-9157-0CF81F1D72E3}.Debug|Any CPU.Build.0 = Debug|Any CPU
		{EC31FF79-87CA-4CC6-9157-0CF81F1D72E3}.Release|Any CPU.ActiveCfg = Release|Any CPU
		{EC31FF79-87CA-4CC6-9157-0CF81F1D72E3}.Release|Any CPU.Build.0 = Release|Any CPU
	EndGlobalSection
	GlobalSection(SolutionProperties) = preSolution
		HideSolutionNode = FALSE
	EndGlobalSection
	GlobalSection(ExtensibilityGlobals) = postSolution
		SolutionGuid = {3387E449-5570-484C-A718-5C80A481668A}
	EndGlobalSection
EndGlobal
