
Microsoft Visual Studio Solution File, Format Version 12.00
# Visual Studio Version 17
VisualStudioVersion = 17.11.35312.102
MinimumVisualStudioVersion = 10.0.40219.1
Project("{9A19103F-16F7-4668-BE54-9A1E7A4F7556}") = "WpfApp1", "WpfApp1\WpfApp1.csproj", "{46B1E0F3-DCFB-4B59-B3FC-8C7FF1E1C3AA}"
EndProject
Project("{9A19103F-16F7-4668-BE54-9A1E7A4F7556}") = "WpfApp2", "WpfApp2\WpfApp2.csproj", "{7B58442C-4107-4C06-B4A3-011443D4D65E}"
EndProject
Project("{9A19103F-16F7-4668-BE54-9A1E7A4F7556}") = "WpfApp3", "WpfApp3\WpfApp3.csproj", "{0BADFB8E-9D36-4D90-B7D7-80A4E3B96F96}"
EndProject
Project("{9A19103F-16F7-4668-BE54-9A1E7A4F7556}") = "WpfApp4", "WpfApp4\WpfApp4.csproj", "{AE65C314-967B-4359-9982-C618F793DAE0}"
EndProject
Project("{9A19103F-16F7-4668-BE54-9A1E7A4F7556}") = "WpfApp5", "WpfApp5\WpfApp5.csproj", "{26A99FB1-1506-4AA1-B663-BD52FA048276}"
EndProject
Project("{9A19103F-16F7-4668-BE54-9A1E7A4F7556}") = "WpfApp6", "WpfApp6\WpfApp6.csproj", "{7E29BBF7-B27D-4C4D-8DD7-9846C1001244}"
EndProject
Project("{9A19103F-16F7-4668-BE54-9A1E7A4F7556}") = "WpfApp7", "WpfApp7\WpfApp7.csproj", "{BC038ECD-4413-4195-ADD2-F786BD295527}"
EndProject
Project("{9A19103F-16F7-4668-BE54-9A1E7A4F7556}") = "WpfApp8", "WpfApp8\WpfApp8.csproj", "{080AA0F3-D8A2-47BF-B964-D88929B7A49D}"
EndProject
Project("{9A19103F-16F7-4668-BE54-9A1E7A4F7556}") = "WpfApp9", "WpfApp9\WpfApp9.csproj", "{E39D9B2F-6C2F-4CDF-A61E-5F1FBDBF7015}"
EndProject
Project("{FAE04EC0-301F-11D3-BF4B-00C04F79EFBC}") = "WpfApp10", "WpfApp10\WpfApp10.csproj", "{5AAB763E-2F97-4DA6-8C74-FEC41545CE91}"
EndProject
Project("{FAE04EC0-301F-11D3-BF4B-00C04F79EFBC}") = "WpfApp11", "WpfApp11\WpfApp11.csproj", "{8A6A135B-78BE-4F4F-A2C6-826C5E5AB91B}"
EndProject
Project("{FAE04EC0-301F-11D3-BF4B-00C04F79EFBC}") = "WpfApp12", "WpfApp12\WpfApp12.csproj", "{4526F855-BE84-42A2-8BA8-89BDDF7F3294}"
EndProject
Global
	GlobalSection(SolutionConfigurationPlatforms) = preSolution
		Debug|Any CPU = Debug|Any CPU
		Release|Any CPU = Release|Any CPU
	EndGlobalSection
	GlobalSection(ProjectConfigurationPlatforms) = postSolution
		{46B1E0F3-DCFB-4B59-B3FC-8C7FF1E1C3AA}.Debug|Any CPU.ActiveCfg = Debug|Any CPU
		{46B1E0F3-DCFB-4B59-B3FC-8C7FF1E1C3AA}.Debug|Any CPU.Build.0 = Debug|Any CPU
		{46B1E0F3-DCFB-4B59-B3FC-8C7FF1E1C3AA}.Release|Any CPU.ActiveCfg = Release|Any CPU
		{46B1E0F3-DCFB-4B59-B3FC-8C7FF1E1C3AA}.Release|Any CPU.Build.0 = Release|Any CPU
		{7B58442C-4107-4C06-B4A3-011443D4D65E}.Debug|Any CPU.ActiveCfg = Debug|Any CPU
		{7B58442C-4107-4C06-B4A3-011443D4D65E}.Debug|Any CPU.Build.0 = Debug|Any CPU
		{7B58442C-4107-4C06-B4A3-011443D4D65E}.Release|Any CPU.ActiveCfg = Release|Any CPU
		{7B58442C-4107-4C06-B4A3-011443D4D65E}.Release|Any CPU.Build.0 = Release|Any CPU
		{0BADFB8E-9D36-4D90-B7D7-80A4E3B96F96}.Debug|Any CPU.ActiveCfg = Debug|Any CPU
		{0BADFB8E-9D36-4D90-B7D7-80A4E3B96F96}.Debug|Any CPU.Build.0 = Debug|Any CPU
		{0BADFB8E-9D36-4D90-B7D7-80A4E3B96F96}.Release|Any CPU.ActiveCfg = Release|Any CPU
		{0BADFB8E-9D36-4D90-B7D7-80A4E3B96F96}.Release|Any CPU.Build.0 = Release|Any CPU
		{AE65C314-967B-4359-9982-C618F793DAE0}.Debug|Any CPU.ActiveCfg = Debug|Any CPU
		{AE65C314-967B-4359-9982-C618F793DAE0}.Debug|Any CPU.Build.0 = Debug|Any CPU
		{AE65C314-967B-4359-9982-C618F793DAE0}.Release|Any CPU.ActiveCfg = Release|Any CPU
		{AE65C314-967B-4359-9982-C618F793DAE0}.Release|Any CPU.Build.0 = Release|Any CPU
		{26A99FB1-1506-4AA1-B663-BD52FA048276}.Debug|Any CPU.ActiveCfg = Debug|Any CPU
		{26A99FB1-1506-4AA1-B663-BD52FA048276}.Debug|Any CPU.Build.0 = Debug|Any CPU
		{26A99FB1-1506-4AA1-B663-BD52FA048276}.Release|Any CPU.ActiveCfg = Release|Any CPU
		{26A99FB1-1506-4AA1-B663-BD52FA048276}.Release|Any CPU.Build.0 = Release|Any CPU
		{7E29BBF7-B27D-4C4D-8DD7-9846C1001244}.Debug|Any CPU.ActiveCfg = Debug|Any CPU
		{7E29BBF7-B27D-4C4D-8DD7-9846C1001244}.Debug|Any CPU.Build.0 = Debug|Any CPU
		{7E29BBF7-B27D-4C4D-8DD7-9846C1001244}.Release|Any CPU.ActiveCfg = Release|Any CPU
		{7E29BBF7-B27D-4C4D-8DD7-9846C1001244}.Release|Any CPU.Build.0 = Release|Any CPU
		{BC038ECD-4413-4195-ADD2-F786BD295527}.Debug|Any CPU.ActiveCfg = Debug|Any CPU
		{BC038ECD-4413-4195-ADD2-F786BD295527}.Debug|Any CPU.Build.0 = Debug|Any CPU
		{BC038ECD-4413-4195-ADD2-F786BD295527}.Release|Any CPU.ActiveCfg = Release|Any CPU
		{BC038ECD-4413-4195-ADD2-F786BD295527}.Release|Any CPU.Build.0 = Release|Any CPU
		{080AA0F3-D8A2-47BF-B964-D88929B7A49D}.Debug|Any CPU.ActiveCfg = Debug|Any CPU
		{080AA0F3-D8A2-47BF-B964-D88929B7A49D}.Debug|Any CPU.Build.0 = Debug|Any CPU
		{080AA0F3-D8A2-47BF-B964-D88929B7A49D}.Release|Any CPU.ActiveCfg = Release|Any CPU
		{080AA0F3-D8A2-47BF-B964-D88929B7A49D}.Release|Any CPU.Build.0 = Release|Any CPU
		{E39D9B2F-6C2F-4CDF-A61E-5F1FBDBF7015}.Debug|Any CPU.ActiveCfg = Debug|Any CPU
		{E39D9B2F-6C2F-4CDF-A61E-5F1FBDBF7015}.Debug|Any CPU.Build.0 = Debug|Any CPU
		{E39D9B2F-6C2F-4CDF-A61E-5F1FBDBF7015}.Release|Any CPU.ActiveCfg = Release|Any CPU
		{E39D9B2F-6C2F-4CDF-A61E-5F1FBDBF7015}.Release|Any CPU.Build.0 = Release|Any CPU
		{5AAB763E-2F97-4DA6-8C74-FEC41545CE91}.Debug|Any CPU.ActiveCfg = Debug|Any CPU
		{5AAB763E-2F97-4DA6-8C74-FEC41545CE91}.Debug|Any CPU.Build.0 = Debug|Any CPU
		{5AAB763E-2F97-4DA6-8C74-FEC41545CE91}.Release|Any CPU.ActiveCfg = Release|Any CPU
		{5AAB763E-2F97-4DA6-8C74-FEC41545CE91}.Release|Any CPU.Build.0 = Release|Any CPU
		{8A6A135B-78BE-4F4F-A2C6-826C5E5AB91B}.Debug|Any CPU.ActiveCfg = Debug|Any CPU
		{8A6A135B-78BE-4F4F-A2C6-826C5E5AB91B}.Debug|Any CPU.Build.0 = Debug|Any CPU
		{8A6A135B-78BE-4F4F-A2C6-826C5E5AB91B}.Release|Any CPU.ActiveCfg = Release|Any CPU
		{8A6A135B-78BE-4F4F-A2C6-826C5E5AB91B}.Release|Any CPU.Build.0 = Release|Any CPU
		{4526F855-BE84-42A2-8BA8-89BDDF7F3294}.Debug|Any CPU.ActiveCfg = Debug|Any CPU
		{4526F855-BE84-42A2-8BA8-89BDDF7F3294}.Debug|Any CPU.Build.0 = Debug|Any CPU
		{4526F855-BE84-42A2-8BA8-89BDDF7F3294}.Release|Any CPU.ActiveCfg = Release|Any CPU
		{4526F855-BE84-42A2-8BA8-89BDDF7F3294}.Release|Any CPU.Build.0 = Release|Any CPU
	EndGlobalSection
	GlobalSection(SolutionProperties) = preSolution
		HideSolutionNode = FALSE
	EndGlobalSection
	GlobalSection(ExtensibilityGlobals) = postSolution
		SolutionGuid = {3387E449-5570-484C-A718-5C80A481668A}
	EndGlobalSection
EndGlobal
